{
  "name": "nina's project",
  "lockfileVersion": 3,
  "requires": true,
  "packages": {
    "": {
      "dependencies": {
        "@openrouter/sdk": "^0.2.9"
      }
    },
    "node_modules/@openrouter/sdk": {
      "version": "0.2.9",
      "resolved": "https://registry.npmjs.org/@openrouter/sdk/-/sdk-0.2.9.tgz",
      "integrity": "sha512-O3tu6PwoKzwYXCCT+azFneb0F1T6YcZUqlNVEFABWLOcBzdvsCfgW+GM3QKeBL9V0E1ZBjVy9yssavNjhphO6Q==",
      "license": "Apache-2.0",
      "dependencies": {
        "zod": "^3.25.0 || ^4.0.0"
      }
    },
    "node_modules/zod": {
      "version": "4.1.13",
      "resolved": "https://registry.npmjs.org/zod/-/zod-4.1.13.tgz",
      "integrity": "sha512-AvvthqfqrAhNH9dnfmrfKzX5upOdjUVJYFqNSlkmGf64gRaTzlPwz99IHYnVs28qYAybvAlBV+H7pn0saFY4Ig==",
      "license": "MIT",
      "funding": {
        "url": "https://github.com/sponsors/colinhacks"
      }
    }
  }
}
